// !$*UTF8*$!
{
	archiveVersion = 1;
	classes = {
	};
	objectVersion = 46;
	objects = {

/* Begin PBXBuildFile section */
		4F4097C61C96872700352BE1 /* MJExtensionConst.m in Sources */ = {isa = PBXBuildFile; fileRef = 4F4097B31C96872700352BE1 /* MJExtensionConst.m */; };
		4F4097C71C96872700352BE1 /* MJFoundation.m in Sources */ = {isa = PBXBuildFile; fileRef = 4F4097B51C96872700352BE1 /* MJFoundation.m */; };
		4F4097C81C96872700352BE1 /* MJProperty.m in Sources */ = {isa = PBXBuildFile; fileRef = 4F4097B71C96872700352BE1 /* MJProperty.m */; };
		4F4097C91C96872700352BE1 /* MJPropertyKey.m in Sources */ = {isa = PBXBuildFile; fileRef = 4F4097B91C96872700352BE1 /* MJPropertyKey.m */; };
		4F4097CA1C96872700352BE1 /* MJPropertyType.m in Sources */ = {isa = PBXBuildFile; fileRef = 4F4097BB1C96872700352BE1 /* MJPropertyType.m */; };
		4F4097CB1C96872700352BE1 /* NSObject+MJClass.m in Sources */ = {isa = PBXBuildFile; fileRef = 4F4097BD1C96872700352BE1 /* NSObject+MJClass.m */; };
		4F4097CC1C96872700352BE1 /* NSObject+MJCoding.m in Sources */ = {isa = PBXBuildFile; fileRef = 4F4097BF1C96872700352BE1 /* NSObject+MJCoding.m */; };
		4F4097CD1C96872700352BE1 /* NSObject+MJKeyValue.m in Sources */ = {isa = PBXBuildFile; fileRef = 4F4097C11C96872700352BE1 /* NSObject+MJKeyValue.m */; };
		4F4097CE1C96872700352BE1 /* NSObject+MJProperty.m in Sources */ = {isa = PBXBuildFile; fileRef = 4F4097C31C96872700352BE1 /* NSObject+MJProperty.m */; };
		4F4097CF1C96872700352BE1 /* NSString+MJExtension.m in Sources */ = {isa = PBXBuildFile; fileRef = 4F4097C51C96872700352BE1 /* NSString+MJExtension.m */; };
		4F83B3D51C964F6B00A89625 /* BHNetworking.m in Sources */ = {isa = PBXBuildFile; fileRef = 4F83B3D11C964F6B00A89625 /* BHNetworking.m */; };
		4F83B3D61C964F6B00A89625 /* BHViewController.m in Sources */ = {isa = PBXBuildFile; fileRef = 4F83B3D41C964F6B00A89625 /* BHViewController.m */; };
		4F83B3DF1C964F8D00A89625 /* UIColor+BH.m in Sources */ = {isa = PBXBuildFile; fileRef = 4F83B3DB1C964F8D00A89625 /* UIColor+BH.m */; };
		4F83B3E01C964F8D00A89625 /* UIView+BH.m in Sources */ = {isa = PBXBuildFile; fileRef = 4F83B3DE1C964F8D00A89625 /* UIView+BH.m */; };
		4F83B3F91C964FC700A89625 /* BHNavigationViewController.m in Sources */ = {isa = PBXBuildFile; fileRef = 4F83B3EC1C964FC700A89625 /* BHNavigationViewController.m */; };
		4F83B3FA1C964FC700A89625 /* BHTabBarViewController.m in Sources */ = {isa = PBXBuildFile; fileRef = 4F83B3EE1C964FC700A89625 /* BHTabBarViewController.m */; };
		4F83B41E1C96504600A89625 /* AFHTTPSessionManager.m in Sources */ = {isa = PBXBuildFile; fileRef = 4F83B3FD1C96504600A89625 /* AFHTTPSessionManager.m */; };
		4F83B41F1C96504600A89625 /* AFNetworkReachabilityManager.m in Sources */ = {isa = PBXBuildFile; fileRef = 4F83B4001C96504600A89625 /* AFNetworkReachabilityManager.m */; };
		4F83B4201C96504600A89625 /* AFSecurityPolicy.m in Sources */ = {isa = PBXBuildFile; fileRef = 4F83B4021C96504600A89625 /* AFSecurityPolicy.m */; };
		4F83B4211C96504600A89625 /* AFURLRequestSerialization.m in Sources */ = {isa = PBXBuildFile; fileRef = 4F83B4041C96504600A89625 /* AFURLRequestSerialization.m */; };
		4F83B4221C96504600A89625 /* AFURLResponseSerialization.m in Sources */ = {isa = PBXBuildFile; fileRef = 4F83B4061C96504600A89625 /* AFURLResponseSerialization.m */; };
		4F83B4231C96504600A89625 /* AFURLSessionManager.m in Sources */ = {isa = PBXBuildFile; fileRef = 4F83B4081C96504600A89625 /* AFURLSessionManager.m */; };
		4F83B4241C96504600A89625 /* AFAutoPurgingImageCache.m in Sources */ = {isa = PBXBuildFile; fileRef = 4F83B40B1C96504600A89625 /* AFAutoPurgingImageCache.m */; };
		4F83B4251C96504600A89625 /* AFImageDownloader.m in Sources */ = {isa = PBXBuildFile; fileRef = 4F83B40D1C96504600A89625 /* AFImageDownloader.m */; };
		4F83B4261C96504600A89625 /* AFNetworkActivityIndicatorManager.m in Sources */ = {isa = PBXBuildFile; fileRef = 4F83B40F1C96504600A89625 /* AFNetworkActivityIndicatorManager.m */; };
		4F83B4271C96504600A89625 /* UIActivityIndicatorView+AFNetworking.m in Sources */ = {isa = PBXBuildFile; fileRef = 4F83B4111C96504600A89625 /* UIActivityIndicatorView+AFNetworking.m */; };
		4F83B4281C96504600A89625 /* UIButton+AFNetworking.m in Sources */ = {isa = PBXBuildFile; fileRef = 4F83B4131C96504600A89625 /* UIButton+AFNetworking.m */; };
		4F83B4291C96504600A89625 /* UIImageView+AFNetworking.m in Sources */ = {isa = PBXBuildFile; fileRef = 4F83B4161C96504600A89625 /* UIImageView+AFNetworking.m */; };
		4F83B42A1C96504600A89625 /* UIProgressView+AFNetworking.m in Sources */ = {isa = PBXBuildFile; fileRef = 4F83B4191C96504600A89625 /* UIProgressView+AFNetworking.m */; };
		4F83B42B1C96504600A89625 /* UIRefreshControl+AFNetworking.m in Sources */ = {isa = PBXBuildFile; fileRef = 4F83B41B1C96504600A89625 /* UIRefreshControl+AFNetworking.m */; };
		4F83B42C1C96504600A89625 /* UIWebView+AFNetworking.m in Sources */ = {isa = PBXBuildFile; fileRef = 4F83B41D1C96504600A89625 /* UIWebView+AFNetworking.m */; };
		4FAEC8F51C90211100A001C1 /* main.m in Sources */ = {isa = PBXBuildFile; fileRef = 4FAEC8F41C90211100A001C1 /* main.m */; };
		4FAEC8FE1C90211100A001C1 /* Main.storyboard in Resources */ = {isa = PBXBuildFile; fileRef = 4FAEC8FC1C90211100A001C1 /* Main.storyboard */; };
		4FAEC9031C90211100A001C1 /* LaunchScreen.storyboard in Resources */ = {isa = PBXBuildFile; fileRef = 4FAEC9011C90211100A001C1 /* LaunchScreen.storyboard */; };
		4FAEC90E1C90211100A001C1 /* bankHuiTests.m in Sources */ = {isa = PBXBuildFile; fileRef = 4FAEC90D1C90211100A001C1 /* bankHuiTests.m */; };
		4FAEC9191C90211100A001C1 /* bankHuiUITests.m in Sources */ = {isa = PBXBuildFile; fileRef = 4FAEC9181C90211100A001C1 /* bankHuiUITests.m */; };
		4FAEC92D1C9021DF00A001C1 /* AppDelegate.m in Sources */ = {isa = PBXBuildFile; fileRef = 4FAEC92C1C9021DF00A001C1 /* AppDelegate.m */; };
		4FAEC92F1C9021EF00A001C1 /* Assets.xcassets in Resources */ = {isa = PBXBuildFile; fileRef = 4FAEC92E1C9021EF00A001C1 /* Assets.xcassets */; };
		4FAEC9361C90225800A001C1 /* BHLoginViewController.m in Sources */ = {isa = PBXBuildFile; fileRef = 4FAEC9351C90225800A001C1 /* BHLoginViewController.m */; };
/* End PBXBuildFile section */

/* Begin PBXContainerItemProxy section */
		4FAEC90A1C90211100A001C1 /* PBXContainerItemProxy */ = {
			isa = PBXContainerItemProxy;
			containerPortal = 4FAEC8E81C90211100A001C1 /* Project object */;
			proxyType = 1;
			remoteGlobalIDString = 4FAEC8EF1C90211100A001C1;
			remoteInfo = bankHui;
		};
		4FAEC9151C90211100A001C1 /* PBXContainerItemProxy */ = {
			isa = PBXContainerItemProxy;
			containerPortal = 4FAEC8E81C90211100A001C1 /* Project object */;
			proxyType = 1;
			remoteGlobalIDString = 4FAEC8EF1C90211100A001C1;
			remoteInfo = bankHui;
		};
/* End PBXContainerItemProxy section */

/* Begin PBXFileReference section */
		4F4097B11C96872700352BE1 /* MJExtension.h */ = {isa = PBXFileReference; fileEncoding = 4; lastKnownFileType = sourcecode.c.h; path = MJExtension.h; sourceTree = "<group>"; };
		4F4097B21C96872700352BE1 /* MJExtensionConst.h */ = {isa = PBXFileReference; fileEncoding = 4; lastKnownFileType = sourcecode.c.h; path = MJExtensionConst.h; sourceTree = "<group>"; };
		4F4097B31C96872700352BE1 /* MJExtensionConst.m */ = {isa = PBXFileReference; fileEncoding = 4; lastKnownFileType = sourcecode.c.objc; path = MJExtensionConst.m; sourceTree = "<group>"; };
		4F4097B41C96872700352BE1 /* MJFoundation.h */ = {isa = PBXFileReference; fileEncoding = 4; lastKnownFileType = sourcecode.c.h; path = MJFoundation.h; sourceTree = "<group>"; };
		4F4097B51C96872700352BE1 /* MJFoundation.m */ = {isa = PBXFileReference; fileEncoding = 4; lastKnownFileType = sourcecode.c.objc; path = MJFoundation.m; sourceTree = "<group>"; };
		4F4097B61C96872700352BE1 /* MJProperty.h */ = {isa = PBXFileReference; fileEncoding = 4; lastKnownFileType = sourcecode.c.h; path = MJProperty.h; sourceTree = "<group>"; };
		4F4097B71C96872700352BE1 /* MJProperty.m */ = {isa = PBXFileReference; fileEncoding = 4; lastKnownFileType = sourcecode.c.objc; path = MJProperty.m; sourceTree = "<group>"; };
		4F4097B81C96872700352BE1 /* MJPropertyKey.h */ = {isa = PBXFileReference; fileEncoding = 4; lastKnownFileType = sourcecode.c.h; path = MJPropertyKey.h; sourceTree = "<group>"; };
		4F4097B91C96872700352BE1 /* MJPropertyKey.m */ = {isa = PBXFileReference; fileEncoding = 4; lastKnownFileType = sourcecode.c.objc; path = MJPropertyKey.m; sourceTree = "<group>"; };
		4F4097BA1C96872700352BE1 /* MJPropertyType.h */ = {isa = PBXFileReference; fileEncoding = 4; lastKnownFileType = sourcecode.c.h; path = MJPropertyType.h; sourceTree = "<group>"; };
		4F4097BB1C96872700352BE1 /* MJPropertyType.m */ = {isa = PBXFileReference; fileEncoding = 4; lastKnownFileType = sourcecode.c.objc; path = MJPropertyType.m; sourceTree = "<group>"; };
		4F4097BC1C96872700352BE1 /* NSObject+MJClass.h */ = {isa = PBXFileReference; fileEncoding = 4; lastKnownFileType = sourcecode.c.h; path = "NSObject+MJClass.h"; sourceTree = "<group>"; };
		4F4097BD1C96872700352BE1 /* NSObject+MJClass.m */ = {isa = PBXFileReference; fileEncoding = 4; lastKnownFileType = sourcecode.c.objc; path = "NSObject+MJClass.m"; sourceTree = "<group>"; };
		4F4097BE1C96872700352BE1 /* NSObject+MJCoding.h */ = {isa = PBXFileReference; fileEncoding = 4; lastKnownFileType = sourcecode.c.h; path = "NSObject+MJCoding.h"; sourceTree = "<group>"; };
		4F4097BF1C96872700352BE1 /* NSObject+MJCoding.m */ = {isa = PBXFileReference; fileEncoding = 4; lastKnownFileType = sourcecode.c.objc; path = "NSObject+MJCoding.m"; sourceTree = "<group>"; };
		4F4097C01C96872700352BE1 /* NSObject+MJKeyValue.h */ = {isa = PBXFileReference; fileEncoding = 4; lastKnownFileType = sourcecode.c.h; path = "NSObject+MJKeyValue.h"; sourceTree = "<group>"; };
		4F4097C11C96872700352BE1 /* NSObject+MJKeyValue.m */ = {isa = PBXFileReference; fileEncoding = 4; lastKnownFileType = sourcecode.c.objc; path = "NSObject+MJKeyValue.m"; sourceTree = "<group>"; };
		4F4097C21C96872700352BE1 /* NSObject+MJProperty.h */ = {isa = PBXFileReference; fileEncoding = 4; lastKnownFileType = sourcecode.c.h; path = "NSObject+MJProperty.h"; sourceTree = "<group>"; };
		4F4097C31C96872700352BE1 /* NSObject+MJProperty.m */ = {isa = PBXFileReference; fileEncoding = 4; lastKnownFileType = sourcecode.c.objc; path = "NSObject+MJProperty.m"; sourceTree = "<group>"; };
		4F4097C41C96872700352BE1 /* NSString+MJExtension.h */ = {isa = PBXFileReference; fileEncoding = 4; lastKnownFileType = sourcecode.c.h; path = "NSString+MJExtension.h"; sourceTree = "<group>"; };
		4F4097C51C96872700352BE1 /* NSString+MJExtension.m */ = {isa = PBXFileReference; fileEncoding = 4; lastKnownFileType = sourcecode.c.objc; path = "NSString+MJExtension.m"; sourceTree = "<group>"; };
		4F83B3D01C964F6B00A89625 /* BHNetworking.h */ = {isa = PBXFileReference; fileEncoding = 4; lastKnownFileType = sourcecode.c.h; path = BHNetworking.h; sourceTree = "<group>"; };
		4F83B3D11C964F6B00A89625 /* BHNetworking.m */ = {isa = PBXFileReference; fileEncoding = 4; lastKnownFileType = sourcecode.c.objc; path = BHNetworking.m; sourceTree = "<group>"; };
		4F83B3D31C964F6B00A89625 /* BHViewController.h */ = {isa = PBXFileReference; fileEncoding = 4; lastKnownFileType = sourcecode.c.h; path = BHViewController.h; sourceTree = "<group>"; };
		4F83B3D41C964F6B00A89625 /* BHViewController.m */ = {isa = PBXFileReference; fileEncoding = 4; lastKnownFileType = sourcecode.c.objc; path = BHViewController.m; sourceTree = "<group>"; };
		4F83B3DA1C964F8D00A89625 /* UIColor+BH.h */ = {isa = PBXFileReference; fileEncoding = 4; lastKnownFileType = sourcecode.c.h; path = "UIColor+BH.h"; sourceTree = "<group>"; };
		4F83B3DB1C964F8D00A89625 /* UIColor+BH.m */ = {isa = PBXFileReference; fileEncoding = 4; lastKnownFileType = sourcecode.c.objc; path = "UIColor+BH.m"; sourceTree = "<group>"; };
		4F83B3DD1C964F8D00A89625 /* UIView+BH.h */ = {isa = PBXFileReference; fileEncoding = 4; lastKnownFileType = sourcecode.c.h; path = "UIView+BH.h"; sourceTree = "<group>"; };
		4F83B3DE1C964F8D00A89625 /* UIView+BH.m */ = {isa = PBXFileReference; fileEncoding = 4; lastKnownFileType = sourcecode.c.objc; path = "UIView+BH.m"; sourceTree = "<group>"; };
		4F83B3EB1C964FC700A89625 /* BHNavigationViewController.h */ = {isa = PBXFileReference; fileEncoding = 4; lastKnownFileType = sourcecode.c.h; path = BHNavigationViewController.h; sourceTree = "<group>"; };
		4F83B3EC1C964FC700A89625 /* BHNavigationViewController.m */ = {isa = PBXFileReference; fileEncoding = 4; lastKnownFileType = sourcecode.c.objc; path = BHNavigationViewController.m; sourceTree = "<group>"; };
		4F83B3ED1C964FC700A89625 /* BHTabBarViewController.h */ = {isa = PBXFileReference; fileEncoding = 4; lastKnownFileType = sourcecode.c.h; path = BHTabBarViewController.h; sourceTree = "<group>"; };
		4F83B3EE1C964FC700A89625 /* BHTabBarViewController.m */ = {isa = PBXFileReference; fileEncoding = 4; lastKnownFileType = sourcecode.c.objc; path = BHTabBarViewController.m; sourceTree = "<group>"; };
		4F83B3FC1C96504600A89625 /* AFHTTPSessionManager.h */ = {isa = PBXFileReference; fileEncoding = 4; lastKnownFileType = sourcecode.c.h; path = AFHTTPSessionManager.h; sourceTree = "<group>"; };
		4F83B3FD1C96504600A89625 /* AFHTTPSessionManager.m */ = {isa = PBXFileReference; fileEncoding = 4; lastKnownFileType = sourcecode.c.objc; path = AFHTTPSessionManager.m; sourceTree = "<group>"; };
		4F83B3FE1C96504600A89625 /* AFNetworking.h */ = {isa = PBXFileReference; fileEncoding = 4; lastKnownFileType = sourcecode.c.h; path = AFNetworking.h; sourceTree = "<group>"; };
		4F83B3FF1C96504600A89625 /* AFNetworkReachabilityManager.h */ = {isa = PBXFileReference; fileEncoding = 4; lastKnownFileType = sourcecode.c.h; path = AFNetworkReachabilityManager.h; sourceTree = "<group>"; };
		4F83B4001C96504600A89625 /* AFNetworkReachabilityManager.m */ = {isa = PBXFileReference; fileEncoding = 4; lastKnownFileType = sourcecode.c.objc; path = AFNetworkReachabilityManager.m; sourceTree = "<group>"; };
		4F83B4011C96504600A89625 /* AFSecurityPolicy.h */ = {isa = PBXFileReference; fileEncoding = 4; lastKnownFileType = sourcecode.c.h; path = AFSecurityPolicy.h; sourceTree = "<group>"; };
		4F83B4021C96504600A89625 /* AFSecurityPolicy.m */ = {isa = PBXFileReference; fileEncoding = 4; lastKnownFileType = sourcecode.c.objc; path = AFSecurityPolicy.m; sourceTree = "<group>"; };
		4F83B4031C96504600A89625 /* AFURLRequestSerialization.h */ = {isa = PBXFileReference; fileEncoding = 4; lastKnownFileType = sourcecode.c.h; path = AFURLRequestSerialization.h; sourceTree = "<group>"; };
		4F83B4041C96504600A89625 /* AFURLRequestSerialization.m */ = {isa = PBXFileReference; fileEncoding = 4; lastKnownFileType = sourcecode.c.objc; path = AFURLRequestSerialization.m; sourceTree = "<group>"; };
		4F83B4051C96504600A89625 /* AFURLResponseSerialization.h */ = {isa = PBXFileReference; fileEncoding = 4; lastKnownFileType = sourcecode.c.h; path = AFURLResponseSerialization.h; sourceTree = "<group>"; };
		4F83B4061C96504600A89625 /* AFURLResponseSerialization.m */ = {isa = PBXFileReference; fileEncoding = 4; lastKnownFileType = sourcecode.c.objc; path = AFURLResponseSerialization.m; sourceTree = "<group>"; };
		4F83B4071C96504600A89625 /* AFURLSessionManager.h */ = {isa = PBXFileReference; fileEncoding = 4; lastKnownFileType = sourcecode.c.h; path = AFURLSessionManager.h; sourceTree = "<group>"; };
		4F83B4081C96504600A89625 /* AFURLSessionManager.m */ = {isa = PBXFileReference; fileEncoding = 4; lastKnownFileType = sourcecode.c.objc; path = AFURLSessionManager.m; sourceTree = "<group>"; };
		4F83B40A1C96504600A89625 /* AFAutoPurgingImageCache.h */ = {isa = PBXFileReference; fileEncoding = 4; lastKnownFileType = sourcecode.c.h; path = AFAutoPurgingImageCache.h; sourceTree = "<group>"; };
		4F83B40B1C96504600A89625 /* AFAutoPurgingImageCache.m */ = {isa = PBXFileReference; fileEncoding = 4; lastKnownFileType = sourcecode.c.objc; path = AFAutoPurgingImageCache.m; sourceTree = "<group>"; };
		4F83B40C1C96504600A89625 /* AFImageDownloader.h */ = {isa = PBXFileReference; fileEncoding = 4; lastKnownFileType = sourcecode.c.h; path = AFImageDownloader.h; sourceTree = "<group>"; };
		4F83B40D1C96504600A89625 /* AFImageDownloader.m */ = {isa = PBXFileReference; fileEncoding = 4; lastKnownFileType = sourcecode.c.objc; path = AFImageDownloader.m; sourceTree = "<group>"; };
		4F83B40E1C96504600A89625 /* AFNetworkActivityIndicatorManager.h */ = {isa = PBXFileReference; fileEncoding = 4; lastKnownFileType = sourcecode.c.h; path = AFNetworkActivityIndicatorManager.h; sourceTree = "<group>"; };
		4F83B40F1C96504600A89625 /* AFNetworkActivityIndicatorManager.m */ = {isa = PBXFileReference; fileEncoding = 4; lastKnownFileType = sourcecode.c.objc; path = AFNetworkActivityIndicatorManager.m; sourceTree = "<group>"; };
		4F83B4101C96504600A89625 /* UIActivityIndicatorView+AFNetworking.h */ = {isa = PBXFileReference; fileEncoding = 4; lastKnownFileType = sourcecode.c.h; path = "UIActivityIndicatorView+AFNetworking.h"; sourceTree = "<group>"; };
		4F83B4111C96504600A89625 /* UIActivityIndicatorView+AFNetworking.m */ = {isa = PBXFileReference; fileEncoding = 4; lastKnownFileType = sourcecode.c.objc; path = "UIActivityIndicatorView+AFNetworking.m"; sourceTree = "<group>"; };
		4F83B4121C96504600A89625 /* UIButton+AFNetworking.h */ = {isa = PBXFileReference; fileEncoding = 4; lastKnownFileType = sourcecode.c.h; path = "UIButton+AFNetworking.h"; sourceTree = "<group>"; };
		4F83B4131C96504600A89625 /* UIButton+AFNetworking.m */ = {isa = PBXFileReference; fileEncoding = 4; lastKnownFileType = sourcecode.c.objc; path = "UIButton+AFNetworking.m"; sourceTree = "<group>"; };
		4F83B4141C96504600A89625 /* UIImage+AFNetworking.h */ = {isa = PBXFileReference; fileEncoding = 4; lastKnownFileType = sourcecode.c.h; path = "UIImage+AFNetworking.h"; sourceTree = "<group>"; };
		4F83B4151C96504600A89625 /* UIImageView+AFNetworking.h */ = {isa = PBXFileReference; fileEncoding = 4; lastKnownFileType = sourcecode.c.h; path = "UIImageView+AFNetworking.h"; sourceTree = "<group>"; };
		4F83B4161C96504600A89625 /* UIImageView+AFNetworking.m */ = {isa = PBXFileReference; fileEncoding = 4; lastKnownFileType = sourcecode.c.objc; path = "UIImageView+AFNetworking.m"; sourceTree = "<group>"; };
		4F83B4171C96504600A89625 /* UIKit+AFNetworking.h */ = {isa = PBXFileReference; fileEncoding = 4; lastKnownFileType = sourcecode.c.h; path = "UIKit+AFNetworking.h"; sourceTree = "<group>"; };
		4F83B4181C96504600A89625 /* UIProgressView+AFNetworking.h */ = {isa = PBXFileReference; fileEncoding = 4; lastKnownFileType = sourcecode.c.h; path = "UIProgressView+AFNetworking.h"; sourceTree = "<group>"; };
		4F83B4191C96504600A89625 /* UIProgressView+AFNetworking.m */ = {isa = PBXFileReference; fileEncoding = 4; lastKnownFileType = sourcecode.c.objc; path = "UIProgressView+AFNetworking.m"; sourceTree = "<group>"; };
		4F83B41A1C96504600A89625 /* UIRefreshControl+AFNetworking.h */ = {isa = PBXFileReference; fileEncoding = 4; lastKnownFileType = sourcecode.c.h; path = "UIRefreshControl+AFNetworking.h"; sourceTree = "<group>"; };
		4F83B41B1C96504600A89625 /* UIRefreshControl+AFNetworking.m */ = {isa = PBXFileReference; fileEncoding = 4; lastKnownFileType = sourcecode.c.objc; path = "UIRefreshControl+AFNetworking.m"; sourceTree = "<group>"; };
		4F83B41C1C96504600A89625 /* UIWebView+AFNetworking.h */ = {isa = PBXFileReference; fileEncoding = 4; lastKnownFileType = sourcecode.c.h; path = "UIWebView+AFNetworking.h"; sourceTree = "<group>"; };
		4F83B41D1C96504600A89625 /* UIWebView+AFNetworking.m */ = {isa = PBXFileReference; fileEncoding = 4; lastKnownFileType = sourcecode.c.objc; path = "UIWebView+AFNetworking.m"; sourceTree = "<group>"; };
		4FAEC8F01C90211100A001C1 /* bankHui.app */ = {isa = PBXFileReference; explicitFileType = wrapper.application; includeInIndex = 0; path = bankHui.app; sourceTree = BUILT_PRODUCTS_DIR; };
		4FAEC8F41C90211100A001C1 /* main.m */ = {isa = PBXFileReference; lastKnownFileType = sourcecode.c.objc; path = main.m; sourceTree = "<group>"; };
		4FAEC8FD1C90211100A001C1 /* Base */ = {isa = PBXFileReference; lastKnownFileType = file.storyboard; name = Base; path = Base.lproj/Main.storyboard; sourceTree = "<group>"; };
		4FAEC9021C90211100A001C1 /* Base */ = {isa = PBXFileReference; lastKnownFileType = file.storyboard; name = Base; path = Base.lproj/LaunchScreen.storyboard; sourceTree = "<group>"; };
		4FAEC9041C90211100A001C1 /* Info.plist */ = {isa = PBXFileReference; lastKnownFileType = text.plist.xml; path = Info.plist; sourceTree = "<group>"; };
		4FAEC9091C90211100A001C1 /* bankHuiTests.xctest */ = {isa = PBXFileReference; explicitFileType = wrapper.cfbundle; includeInIndex = 0; path = bankHuiTests.xctest; sourceTree = BUILT_PRODUCTS_DIR; };
		4FAEC90D1C90211100A001C1 /* bankHuiTests.m */ = {isa = PBXFileReference; lastKnownFileType = sourcecode.c.objc; path = bankHuiTests.m; sourceTree = "<group>"; };
		4FAEC90F1C90211100A001C1 /* Info.plist */ = {isa = PBXFileReference; lastKnownFileType = text.plist.xml; path = Info.plist; sourceTree = "<group>"; };
		4FAEC9141C90211100A001C1 /* bankHuiUITests.xctest */ = {isa = PBXFileReference; explicitFileType = wrapper.cfbundle; includeInIndex = 0; path = bankHuiUITests.xctest; sourceTree = BUILT_PRODUCTS_DIR; };
		4FAEC9181C90211100A001C1 /* bankHuiUITests.m */ = {isa = PBXFileReference; lastKnownFileType = sourcecode.c.objc; path = bankHuiUITests.m; sourceTree = "<group>"; };
		4FAEC91A1C90211100A001C1 /* Info.plist */ = {isa = PBXFileReference; lastKnownFileType = text.plist.xml; path = Info.plist; sourceTree = "<group>"; };
		4FAEC92B1C9021DF00A001C1 /* AppDelegate.h */ = {isa = PBXFileReference; fileEncoding = 4; lastKnownFileType = sourcecode.c.h; path = AppDelegate.h; sourceTree = "<group>"; };
		4FAEC92C1C9021DF00A001C1 /* AppDelegate.m */ = {isa = PBXFileReference; fileEncoding = 4; lastKnownFileType = sourcecode.c.objc; path = AppDelegate.m; sourceTree = "<group>"; };
		4FAEC92E1C9021EF00A001C1 /* Assets.xcassets */ = {isa = PBXFileReference; lastKnownFileType = folder.assetcatalog; path = Assets.xcassets; sourceTree = "<group>"; };
		4FAEC9341C90225800A001C1 /* BHLoginViewController.h */ = {isa = PBXFileReference; fileEncoding = 4; lastKnownFileType = sourcecode.c.h; path = BHLoginViewController.h; sourceTree = "<group>"; };
		4FAEC9351C90225800A001C1 /* BHLoginViewController.m */ = {isa = PBXFileReference; fileEncoding = 4; lastKnownFileType = sourcecode.c.objc; path = BHLoginViewController.m; sourceTree = "<group>"; };
		4FAEC9411C902D7700A001C1 /* AppConstant.h */ = {isa = PBXFileReference; fileEncoding = 4; lastKnownFileType = sourcecode.c.h; path = AppConstant.h; sourceTree = "<group>"; };
		4FAEC9421C902D7700A001C1 /* constant.h */ = {isa = PBXFileReference; fileEncoding = 4; lastKnownFileType = sourcecode.c.h; path = constant.h; sourceTree = "<group>"; };
		4FAEC9431C902D7700A001C1 /* NotificationConstant.h */ = {isa = PBXFileReference; fileEncoding = 4; lastKnownFileType = sourcecode.c.h; path = NotificationConstant.h; sourceTree = "<group>"; };
/* End PBXFileReference section */

/* Begin PBXFrameworksBuildPhase section */
		4FAEC8ED1C90211100A001C1 /* Frameworks */ = {
			isa = PBXFrameworksBuildPhase;
			buildActionMask = 2147483647;
			files = (
			);
			runOnlyForDeploymentPostprocessing = 0;
		};
		4FAEC9061C90211100A001C1 /* Frameworks */ = {
			isa = PBXFrameworksBuildPhase;
			buildActionMask = 2147483647;
			files = (
			);
			runOnlyForDeploymentPostprocessing = 0;
		};
		4FAEC9111C90211100A001C1 /* Frameworks */ = {
			isa = PBXFrameworksBuildPhase;
			buildActionMask = 2147483647;
			files = (
			);
			runOnlyForDeploymentPostprocessing = 0;
		};
/* End PBXFrameworksBuildPhase section */

/* Begin PBXGroup section */
		4F4097B01C96872700352BE1 /* MJExtension */ = {
			isa = PBXGroup;
			children = (
				4F4097B11C96872700352BE1 /* MJExtension.h */,
				4F4097B21C96872700352BE1 /* MJExtensionConst.h */,
				4F4097B31C96872700352BE1 /* MJExtensionConst.m */,
				4F4097B41C96872700352BE1 /* MJFoundation.h */,
				4F4097B51C96872700352BE1 /* MJFoundation.m */,
				4F4097B61C96872700352BE1 /* MJProperty.h */,
				4F4097B71C96872700352BE1 /* MJProperty.m */,
				4F4097B81C96872700352BE1 /* MJPropertyKey.h */,
				4F4097B91C96872700352BE1 /* MJPropertyKey.m */,
				4F4097BA1C96872700352BE1 /* MJPropertyType.h */,
				4F4097BB1C96872700352BE1 /* MJPropertyType.m */,
				4F4097BC1C96872700352BE1 /* NSObject+MJClass.h */,
				4F4097BD1C96872700352BE1 /* NSObject+MJClass.m */,
				4F4097BE1C96872700352BE1 /* NSObject+MJCoding.h */,
				4F4097BF1C96872700352BE1 /* NSObject+MJCoding.m */,
				4F4097C01C96872700352BE1 /* NSObject+MJKeyValue.h */,
				4F4097C11C96872700352BE1 /* NSObject+MJKeyValue.m */,
				4F4097C21C96872700352BE1 /* NSObject+MJProperty.h */,
				4F4097C31C96872700352BE1 /* NSObject+MJProperty.m */,
				4F4097C41C96872700352BE1 /* NSString+MJExtension.h */,
				4F4097C51C96872700352BE1 /* NSString+MJExtension.m */,
			);
			path = MJExtension;
			sourceTree = "<group>";
		};
		4F83B3CF1C964F6B00A89625 /* NetWork */ = {
			isa = PBXGroup;
			children = (
				4F83B3D01C964F6B00A89625 /* BHNetworking.h */,
				4F83B3D11C964F6B00A89625 /* BHNetworking.m */,
			);
			path = NetWork;
			sourceTree = "<group>";
		};
		4F83B3D21C964F6B00A89625 /* ViewController */ = {
			isa = PBXGroup;
			children = (
				4F83B3D31C964F6B00A89625 /* BHViewController.h */,
				4F83B3D41C964F6B00A89625 /* BHViewController.m */,
			);
			path = ViewController;
			sourceTree = "<group>";
		};
		4F83B3D71C964F8D00A89625 /* Extensions */ = {
			isa = PBXGroup;
			children = (
				4F83B3D81C964F8D00A89625 /* Category */,
			);
			path = Extensions;
			sourceTree = "<group>";
		};
		4F83B3D81C964F8D00A89625 /* Category */ = {
			isa = PBXGroup;
			children = (
				4F83B3D91C964F8D00A89625 /* UIColor */,
				4F83B3DC1C964F8D00A89625 /* UIView */,
			);
			path = Category;
			sourceTree = "<group>";
		};
		4F83B3D91C964F8D00A89625 /* UIColor */ = {
			isa = PBXGroup;
			children = (
				4F83B3DA1C964F8D00A89625 /* UIColor+BH.h */,
				4F83B3DB1C964F8D00A89625 /* UIColor+BH.m */,
			);
			path = UIColor;
			sourceTree = "<group>";
		};
		4F83B3DC1C964F8D00A89625 /* UIView */ = {
			isa = PBXGroup;
			children = (
				4F83B3DD1C964F8D00A89625 /* UIView+BH.h */,
				4F83B3DE1C964F8D00A89625 /* UIView+BH.m */,
			);
			path = UIView;
			sourceTree = "<group>";
		};
		4F83B3E11C964FC700A89625 /* home */ = {
			isa = PBXGroup;
			children = (
				4F83B3E21C964FC700A89625 /* Controller */,
				4F83B3E31C964FC700A89625 /* Model */,
				4F83B3E41C964FC700A89625 /* View */,
			);
			path = home;
			sourceTree = "<group>";
		};
		4F83B3E21C964FC700A89625 /* Controller */ = {
			isa = PBXGroup;
			children = (
			);
			path = Controller;
			sourceTree = "<group>";
		};
		4F83B3E31C964FC700A89625 /* Model */ = {
			isa = PBXGroup;
			children = (
			);
			path = Model;
			sourceTree = "<group>";
		};
		4F83B3E41C964FC700A89625 /* View */ = {
			isa = PBXGroup;
			children = (
			);
			path = View;
			sourceTree = "<group>";
		};
		4F83B3E51C964FC700A89625 /* item */ = {
			isa = PBXGroup;
			children = (
				4F83B3E61C964FC700A89625 /* Controller */,
				4F83B3E71C964FC700A89625 /* Model */,
				4F83B3E81C964FC700A89625 /* View */,
			);
			path = item;
			sourceTree = "<group>";
		};
		4F83B3E61C964FC700A89625 /* Controller */ = {
			isa = PBXGroup;
			children = (
			);
			path = Controller;
			sourceTree = "<group>";
		};
		4F83B3E71C964FC700A89625 /* Model */ = {
			isa = PBXGroup;
			children = (
			);
			path = Model;
			sourceTree = "<group>";
		};
		4F83B3E81C964FC700A89625 /* View */ = {
			isa = PBXGroup;
			children = (
			);
			path = View;
			sourceTree = "<group>";
		};
		4F83B3E91C964FC700A89625 /* Main */ = {
			isa = PBXGroup;
			children = (
				4F83B3EA1C964FC700A89625 /* Controller */,
				4F83B3EF1C964FC700A89625 /* Model */,
				4F83B3F01C964FC700A89625 /* View */,
			);
			path = Main;
			sourceTree = "<group>";
		};
		4F83B3EA1C964FC700A89625 /* Controller */ = {
			isa = PBXGroup;
			children = (
				4F83B3EB1C964FC700A89625 /* BHNavigationViewController.h */,
				4F83B3EC1C964FC700A89625 /* BHNavigationViewController.m */,
				4F83B3ED1C964FC700A89625 /* BHTabBarViewController.h */,
				4F83B3EE1C964FC700A89625 /* BHTabBarViewController.m */,
			);
			path = Controller;
			sourceTree = "<group>";
		};
		4F83B3EF1C964FC700A89625 /* Model */ = {
			isa = PBXGroup;
			children = (
			);
			path = Model;
			sourceTree = "<group>";
		};
		4F83B3F01C964FC700A89625 /* View */ = {
			isa = PBXGroup;
			children = (
			);
			path = View;
			sourceTree = "<group>";
		};
		4F83B3F11C964FC700A89625 /* system */ = {
			isa = PBXGroup;
			children = (
				4F83B3F21C964FC700A89625 /* Controller */,
				4F83B3F31C964FC700A89625 /* Model */,
				4F83B3F41C964FC700A89625 /* View */,
			);
			path = system;
			sourceTree = "<group>";
		};
		4F83B3F21C964FC700A89625 /* Controller */ = {
			isa = PBXGroup;
			children = (
			);
			path = Controller;
			sourceTree = "<group>";
		};
		4F83B3F31C964FC700A89625 /* Model */ = {
			isa = PBXGroup;
			children = (
			);
			path = Model;
			sourceTree = "<group>";
		};
		4F83B3F41C964FC700A89625 /* View */ = {
			isa = PBXGroup;
			children = (
			);
			path = View;
			sourceTree = "<group>";
		};
		4F83B3F51C964FC700A89625 /* task */ = {
			isa = PBXGroup;
			children = (
				4F83B3F61C964FC700A89625 /* Controller */,
				4F83B3F71C964FC700A89625 /* Model */,
				4F83B3F81C964FC700A89625 /* View */,
			);
			path = task;
			sourceTree = "<group>";
		};
		4F83B3F61C964FC700A89625 /* Controller */ = {
			isa = PBXGroup;
			children = (
			);
			path = Controller;
			sourceTree = "<group>";
		};
		4F83B3F71C964FC700A89625 /* Model */ = {
			isa = PBXGroup;
			children = (
			);
			path = Model;
			sourceTree = "<group>";
		};
		4F83B3F81C964FC700A89625 /* View */ = {
			isa = PBXGroup;
			children = (
			);
			path = View;
			sourceTree = "<group>";
		};
		4F83B3FB1C96504600A89625 /* AFNetworking */ = {
			isa = PBXGroup;
			children = (
				4F83B3FC1C96504600A89625 /* AFHTTPSessionManager.h */,
				4F83B3FD1C96504600A89625 /* AFHTTPSessionManager.m */,
				4F83B3FE1C96504600A89625 /* AFNetworking.h */,
				4F83B3FF1C96504600A89625 /* AFNetworkReachabilityManager.h */,
				4F83B4001C96504600A89625 /* AFNetworkReachabilityManager.m */,
				4F83B4011C96504600A89625 /* AFSecurityPolicy.h */,
				4F83B4021C96504600A89625 /* AFSecurityPolicy.m */,
				4F83B4031C96504600A89625 /* AFURLRequestSerialization.h */,
				4F83B4041C96504600A89625 /* AFURLRequestSerialization.m */,
				4F83B4051C96504600A89625 /* AFURLResponseSerialization.h */,
				4F83B4061C96504600A89625 /* AFURLResponseSerialization.m */,
				4F83B4071C96504600A89625 /* AFURLSessionManager.h */,
				4F83B4081C96504600A89625 /* AFURLSessionManager.m */,
			);
			path = AFNetworking;
			sourceTree = "<group>";
		};
		4F83B4091C96504600A89625 /* UIKit+AFNetworking */ = {
			isa = PBXGroup;
			children = (
				4F83B40A1C96504600A89625 /* AFAutoPurgingImageCache.h */,
				4F83B40B1C96504600A89625 /* AFAutoPurgingImageCache.m */,
				4F83B40C1C96504600A89625 /* AFImageDownloader.h */,
				4F83B40D1C96504600A89625 /* AFImageDownloader.m */,
				4F83B40E1C96504600A89625 /* AFNetworkActivityIndicatorManager.h */,
				4F83B40F1C96504600A89625 /* AFNetworkActivityIndicatorManager.m */,
				4F83B4101C96504600A89625 /* UIActivityIndicatorView+AFNetworking.h */,
				4F83B4111C96504600A89625 /* UIActivityIndicatorView+AFNetworking.m */,
				4F83B4121C96504600A89625 /* UIButton+AFNetworking.h */,
				4F83B4131C96504600A89625 /* UIButton+AFNetworking.m */,
				4F83B4141C96504600A89625 /* UIImage+AFNetworking.h */,
				4F83B4151C96504600A89625 /* UIImageView+AFNetworking.h */,
				4F83B4161C96504600A89625 /* UIImageView+AFNetworking.m */,
				4F83B4171C96504600A89625 /* UIKit+AFNetworking.h */,
				4F83B4181C96504600A89625 /* UIProgressView+AFNetworking.h */,
				4F83B4191C96504600A89625 /* UIProgressView+AFNetworking.m */,
				4F83B41A1C96504600A89625 /* UIRefreshControl+AFNetworking.h */,
				4F83B41B1C96504600A89625 /* UIRefreshControl+AFNetworking.m */,
				4F83B41C1C96504600A89625 /* UIWebView+AFNetworking.h */,
				4F83B41D1C96504600A89625 /* UIWebView+AFNetworking.m */,
			);
			path = "UIKit+AFNetworking";
			sourceTree = "<group>";
		};
		4FAEC8E71C90211100A001C1 = {
			isa = PBXGroup;
			children = (
				4FAEC8F21C90211100A001C1 /* bankHui */,
				4FAEC90C1C90211100A001C1 /* bankHuiTests */,
				4FAEC9171C90211100A001C1 /* bankHuiUITests */,
				4FAEC8F11C90211100A001C1 /* Products */,
			);
			sourceTree = "<group>";
		};
		4FAEC8F11C90211100A001C1 /* Products */ = {
			isa = PBXGroup;
			children = (
				4FAEC8F01C90211100A001C1 /* bankHui.app */,
				4FAEC9091C90211100A001C1 /* bankHuiTests.xctest */,
				4FAEC9141C90211100A001C1 /* bankHuiUITests.xctest */,
			);
			name = Products;
			sourceTree = "<group>";
		};
		4FAEC8F21C90211100A001C1 /* bankHui */ = {
			isa = PBXGroup;
			children = (
				4F83B3D71C964F8D00A89625 /* Extensions */,
				4FAEC9401C902D7700A001C1 /* constant */,
				4FAEC92A1C90218500A001C1 /* source */,
				4FAEC9291C90217900A001C1 /* class */,
				4FAEC9281C90216F00A001C1 /* common */,
				4FAEC9271C90216600A001C1 /* lib */,
				4FAEC9261C90213F00A001C1 /* AppDelegate */,
				4FAEC8FC1C90211100A001C1 /* Main.storyboard */,
				4FAEC9011C90211100A001C1 /* LaunchScreen.storyboard */,
				4FAEC8F31C90211100A001C1 /* Supporting Files */,
			);
			path = bankHui;
			sourceTree = "<group>";
		};
		4FAEC8F31C90211100A001C1 /* Supporting Files */ = {
			isa = PBXGroup;
			children = (
				4FAEC9041C90211100A001C1 /* Info.plist */,
				4FAEC8F41C90211100A001C1 /* main.m */,
			);
			name = "Supporting Files";
			sourceTree = "<group>";
		};
		4FAEC90C1C90211100A001C1 /* bankHuiTests */ = {
			isa = PBXGroup;
			children = (
				4FAEC90D1C90211100A001C1 /* bankHuiTests.m */,
				4FAEC90F1C90211100A001C1 /* Info.plist */,
			);
			path = bankHuiTests;
			sourceTree = "<group>";
		};
		4FAEC9171C90211100A001C1 /* bankHuiUITests */ = {
			isa = PBXGroup;
			children = (
				4FAEC9181C90211100A001C1 /* bankHuiUITests.m */,
				4FAEC91A1C90211100A001C1 /* Info.plist */,
			);
			path = bankHuiUITests;
			sourceTree = "<group>";
		};
		4FAEC9261C90213F00A001C1 /* AppDelegate */ = {
			isa = PBXGroup;
			children = (
				4FAEC92B1C9021DF00A001C1 /* AppDelegate.h */,
				4FAEC92C1C9021DF00A001C1 /* AppDelegate.m */,
			);
			path = AppDelegate;
			sourceTree = "<group>";
		};
		4FAEC9271C90216600A001C1 /* lib */ = {
			isa = PBXGroup;
			children = (
				4F4097B01C96872700352BE1 /* MJExtension */,
				4F83B3FB1C96504600A89625 /* AFNetworking */,
				4F83B4091C96504600A89625 /* UIKit+AFNetworking */,
			);
			path = lib;
			sourceTree = "<group>";
		};
		4FAEC9281C90216F00A001C1 /* common */ = {
			isa = PBXGroup;
			children = (
				4F83B3CF1C964F6B00A89625 /* NetWork */,
				4F83B3D21C964F6B00A89625 /* ViewController */,
			);
			path = common;
			sourceTree = "<group>";
		};
		4FAEC9291C90217900A001C1 /* class */ = {
			isa = PBXGroup;
			children = (
				4F83B3E11C964FC700A89625 /* home */,
				4F83B3E51C964FC700A89625 /* item */,
				4F83B3E91C964FC700A89625 /* Main */,
				4F83B3F11C964FC700A89625 /* system */,
				4F83B3F51C964FC700A89625 /* task */,
				4FAEC9301C90221300A001C1 /* login */,
			);
			path = class;
			sourceTree = "<group>";
		};
		4FAEC92A1C90218500A001C1 /* source */ = {
			isa = PBXGroup;
			children = (
				4FAEC92E1C9021EF00A001C1 /* Assets.xcassets */,
			);
			path = source;
			sourceTree = "<group>";
		};
		4FAEC9301C90221300A001C1 /* login */ = {
			isa = PBXGroup;
			children = (
				4FAEC9331C90223700A001C1 /* model */,
				4FAEC9321C90222E00A001C1 /* view */,
				4FAEC9311C90222700A001C1 /* controller */,
			);
			path = login;
			sourceTree = "<group>";
		};
		4FAEC9311C90222700A001C1 /* controller */ = {
			isa = PBXGroup;
			children = (
				4FAEC9341C90225800A001C1 /* BHLoginViewController.h */,
				4FAEC9351C90225800A001C1 /* BHLoginViewController.m */,
			);
			path = controller;
			sourceTree = "<group>";
		};
		4FAEC9321C90222E00A001C1 /* view */ = {
			isa = PBXGroup;
			children = (
			);
			path = view;
			sourceTree = "<group>";
		};
		4FAEC9331C90223700A001C1 /* model */ = {
			isa = PBXGroup;
			children = (
			);
			path = model;
			sourceTree = "<group>";
		};
		4FAEC9401C902D7700A001C1 /* constant */ = {
			isa = PBXGroup;
			children = (
				4FAEC9411C902D7700A001C1 /* AppConstant.h */,
				4FAEC9421C902D7700A001C1 /* constant.h */,
				4FAEC9431C902D7700A001C1 /* NotificationConstant.h */,
			);
			path = constant;
			sourceTree = "<group>";
		};
/* End PBXGroup section */

/* Begin PBXNativeTarget section */
		4FAEC8EF1C90211100A001C1 /* bankHui */ = {
			isa = PBXNativeTarget;
			buildConfigurationList = 4FAEC91D1C90211100A001C1 /* Build configuration list for PBXNativeTarget "bankHui" */;
			buildPhases = (
				4FAEC8EC1C90211100A001C1 /* Sources */,
				4FAEC8ED1C90211100A001C1 /* Frameworks */,
				4FAEC8EE1C90211100A001C1 /* Resources */,
			);
			buildRules = (
			);
			dependencies = (
			);
			name = bankHui;
			productName = bankHui;
			productReference = 4FAEC8F01C90211100A001C1 /* bankHui.app */;
			productType = "com.apple.product-type.application";
		};
		4FAEC9081C90211100A001C1 /* bankHuiTests */ = {
			isa = PBXNativeTarget;
			buildConfigurationList = 4FAEC9201C90211100A001C1 /* Build configuration list for PBXNativeTarget "bankHuiTests" */;
			buildPhases = (
				4FAEC9051C90211100A001C1 /* Sources */,
				4FAEC9061C90211100A001C1 /* Frameworks */,
				4FAEC9071C90211100A001C1 /* Resources */,
			);
			buildRules = (
			);
			dependencies = (
				4FAEC90B1C90211100A001C1 /* PBXTargetDependency */,
			);
			name = bankHuiTests;
			productName = bankHuiTests;
			productReference = 4FAEC9091C90211100A001C1 /* bankHuiTests.xctest */;
			productType = "com.apple.product-type.bundle.unit-test";
		};
		4FAEC9131C90211100A001C1 /* bankHuiUITests */ = {
			isa = PBXNativeTarget;
			buildConfigurationList = 4FAEC9231C90211100A001C1 /* Build configuration list for PBXNativeTarget "bankHuiUITests" */;
			buildPhases = (
				4FAEC9101C90211100A001C1 /* Sources */,
				4FAEC9111C90211100A001C1 /* Frameworks */,
				4FAEC9121C90211100A001C1 /* Resources */,
			);
			buildRules = (
			);
			dependencies = (
				4FAEC9161C90211100A001C1 /* PBXTargetDependency */,
			);
			name = bankHuiUITests;
			productName = bankHuiUITests;
			productReference = 4FAEC9141C90211100A001C1 /* bankHuiUITests.xctest */;
			productType = "com.apple.product-type.bundle.ui-testing";
		};
/* End PBXNativeTarget section */

/* Begin PBXProject section */
		4FAEC8E81C90211100A001C1 /* Project object */ = {
			isa = PBXProject;
			attributes = {
				LastUpgradeCheck = 0720;
				ORGANIZATIONNAME = "王帅广";
				TargetAttributes = {
					4FAEC8EF1C90211100A001C1 = {
						CreatedOnToolsVersion = 7.2.1;
					};
					4FAEC9081C90211100A001C1 = {
						CreatedOnToolsVersion = 7.2.1;
						TestTargetID = 4FAEC8EF1C90211100A001C1;
					};
					4FAEC9131C90211100A001C1 = {
						CreatedOnToolsVersion = 7.2.1;
						TestTargetID = 4FAEC8EF1C90211100A001C1;
					};
				};
			};
			buildConfigurationList = 4FAEC8EB1C90211100A001C1 /* Build configuration list for PBXProject "bankHui" */;
			compatibilityVersion = "Xcode 3.2";
			developmentRegion = English;
			hasScannedForEncodings = 0;
			knownRegions = (
				en,
				Base,
			);
			mainGroup = 4FAEC8E71C90211100A001C1;
			productRefGroup = 4FAEC8F11C90211100A001C1 /* Products */;
			projectDirPath = "";
			projectRoot = "";
			targets = (
				4FAEC8EF1C90211100A001C1 /* bankHui */,
				4FAEC9081C90211100A001C1 /* bankHuiTests */,
				4FAEC9131C90211100A001C1 /* bankHuiUITests */,
			);
		};
/* End PBXProject section */

/* Begin PBXResourcesBuildPhase section */
		4FAEC8EE1C90211100A001C1 /* Resources */ = {
			isa = PBXResourcesBuildPhase;
			buildActionMask = 2147483647;
			files = (
				4FAEC9031C90211100A001C1 /* LaunchScreen.storyboard in Resources */,
				4FAEC92F1C9021EF00A001C1 /* Assets.xcassets in Resources */,
				4FAEC8FE1C90211100A001C1 /* Main.storyboard in Resources */,
			);
			runOnlyForDeploymentPostprocessing = 0;
		};
		4FAEC9071C90211100A001C1 /* Resources */ = {
			isa = PBXResourcesBuildPhase;
			buildActionMask = 2147483647;
			files = (
			);
			runOnlyForDeploymentPostprocessing = 0;
		};
		4FAEC9121C90211100A001C1 /* Resources */ = {
			isa = PBXResourcesBuildPhase;
			buildActionMask = 2147483647;
			files = (
			);
			runOnlyForDeploymentPostprocessing = 0;
		};
/* End PBXResourcesBuildPhase section */

/* Begin PBXSourcesBuildPhase section */
		4FAEC8EC1C90211100A001C1 /* Sources */ = {
			isa = PBXSourcesBuildPhase;
			buildActionMask = 2147483647;
			files = (
				4F83B42B1C96504600A89625 /* UIRefreshControl+AFNetworking.m in Sources */,
				4F83B4231C96504600A89625 /* AFURLSessionManager.m in Sources */,
				4F83B3F91C964FC700A89625 /* BHNavigationViewController.m in Sources */,
				4F4097CB1C96872700352BE1 /* NSObject+MJClass.m in Sources */,
				4F83B42A1C96504600A89625 /* UIProgressView+AFNetworking.m in Sources */,
				4FAEC8F51C90211100A001C1 /* main.m in Sources */,
				4F83B4251C96504600A89625 /* AFImageDownloader.m in Sources */,
				4FAEC92D1C9021DF00A001C1 /* AppDelegate.m in Sources */,
				4F4097C71C96872700352BE1 /* MJFoundation.m in Sources */,
				4F83B3D61C964F6B00A89625 /* BHViewController.m in Sources */,
				4F83B4281C96504600A89625 /* UIButton+AFNetworking.m in Sources */,
				4F83B4201C96504600A89625 /* AFSecurityPolicy.m in Sources */,
				4F83B3DF1C964F8D00A89625 /* UIColor+BH.m in Sources */,
				4F4097CE1C96872700352BE1 /* NSObject+MJProperty.m in Sources */,
				4F4097CF1C96872700352BE1 /* NSString+MJExtension.m in Sources */,
				4F83B4271C96504600A89625 /* UIActivityIndicatorView+AFNetworking.m in Sources */,
				4F83B4261C96504600A89625 /* AFNetworkActivityIndicatorManager.m in Sources */,
				4F83B4241C96504600A89625 /* AFAutoPurgingImageCache.m in Sources */,
				4F4097CD1C96872700352BE1 /* NSObject+MJKeyValue.m in Sources */,
				4F4097C91C96872700352BE1 /* MJPropertyKey.m in Sources */,
				4F4097CA1C96872700352BE1 /* MJPropertyType.m in Sources */,
				4F83B4211C96504600A89625 /* AFURLRequestSerialization.m in Sources */,
				4FAEC9361C90225800A001C1 /* BHLoginViewController.m in Sources */,
				4F83B3E01C964F8D00A89625 /* UIView+BH.m in Sources */,
				4F83B41E1C96504600A89625 /* AFHTTPSessionManager.m in Sources */,
				4F4097CC1C96872700352BE1 /* NSObject+MJCoding.m in Sources */,
				4F83B3FA1C964FC700A89625 /* BHTabBarViewController.m in Sources */,
				4F83B41F1C96504600A89625 /* AFNetworkReachabilityManager.m in Sources */,
				4F83B42C1C96504600A89625 /* UIWebView+AFNetworking.m in Sources */,
				4F4097C81C96872700352BE1 /* MJProperty.m in Sources */,
				4F4097C61C96872700352BE1 /* MJExtensionConst.m in Sources */,
				4F83B4221C96504600A89625 /* AFURLResponseSerialization.m in Sources */,
				4F83B4291C96504600A89625 /* UIImageView+AFNetworking.m in Sources */,
				4F83B3D51C964F6B00A89625 /* BHNetworking.m in Sources */,
			);
			runOnlyForDeploymentPostprocessing = 0;
		};
		4FAEC9051C90211100A001C1 /* Sources */ = {
			isa = PBXSourcesBuildPhase;
			buildActionMask = 2147483647;
			files = (
				4FAEC90E1C90211100A001C1 /* bankHuiTests.m in Sources */,
			);
			runOnlyForDeploymentPostprocessing = 0;
		};
		4FAEC9101C90211100A001C1 /* Sources */ = {
			isa = PBXSourcesBuildPhase;
			buildActionMask = 2147483647;
			files = (
				4FAEC9191C90211100A001C1 /* bankHuiUITests.m in Sources */,
			);
			runOnlyForDeploymentPostprocessing = 0;
		};
/* End PBXSourcesBuildPhase section */

/* Begin PBXTargetDependency section */
		4FAEC90B1C90211100A001C1 /* PBXTargetDependency */ = {
			isa = PBXTargetDependency;
			target = 4FAEC8EF1C90211100A001C1 /* bankHui */;
			targetProxy = 4FAEC90A1C90211100A001C1 /* PBXContainerItemProxy */;
		};
		4FAEC9161C90211100A001C1 /* PBXTargetDependency */ = {
			isa = PBXTargetDependency;
			target = 4FAEC8EF1C90211100A001C1 /* bankHui */;
			targetProxy = 4FAEC9151C90211100A001C1 /* PBXContainerItemProxy */;
		};
/* End PBXTargetDependency section */

/* Begin PBXVariantGroup section */
		4FAEC8FC1C90211100A001C1 /* Main.storyboard */ = {
			isa = PBXVariantGroup;
			children = (
				4FAEC8FD1C90211100A001C1 /* Base */,
			);
			name = Main.storyboard;
			sourceTree = "<group>";
		};
		4FAEC9011C90211100A001C1 /* LaunchScreen.storyboard */ = {
			isa = PBXVariantGroup;
			children = (
				4FAEC9021C90211100A001C1 /* Base */,
			);
			name = LaunchScreen.storyboard;
			sourceTree = "<group>";
		};
/* End PBXVariantGroup section */

/* Begin XCBuildConfiguration section */
		4FAEC91B1C90211100A001C1 /* Debug */ = {
			isa = XCBuildConfiguration;
			buildSettings = {
				ALWAYS_SEARCH_USER_PATHS = NO;
				CLANG_CXX_LANGUAGE_STANDARD = "gnu++0x";
				CLANG_CXX_LIBRARY = "libc++";
				CLANG_ENABLE_MODULES = YES;
				CLANG_ENABLE_OBJC_ARC = YES;
				CLANG_WARN_BOOL_CONVERSION = YES;
				CLANG_WARN_CONSTANT_CONVERSION = YES;
				CLANG_WARN_DIRECT_OBJC_ISA_USAGE = YES_ERROR;
				CLANG_WARN_EMPTY_BODY = YES;
				CLANG_WARN_ENUM_CONVERSION = YES;
				CLANG_WARN_INT_CONVERSION = YES;
				CLANG_WARN_OBJC_ROOT_CLASS = YES_ERROR;
				CLANG_WARN_UNREACHABLE_CODE = YES;
				CLANG_WARN__DUPLICATE_METHOD_MATCH = YES;
				"CODE_SIGN_IDENTITY[sdk=iphoneos*]" = "iPhone Developer";
				COPY_PHASE_STRIP = NO;
				DEBUG_INFORMATION_FORMAT = dwarf;
				ENABLE_STRICT_OBJC_MSGSEND = YES;
				ENABLE_TESTABILITY = YES;
				GCC_C_LANGUAGE_STANDARD = gnu99;
				GCC_DYNAMIC_NO_PIC = NO;
				GCC_NO_COMMON_BLOCKS = YES;
				GCC_OPTIMIZATION_LEVEL = 0;
				GCC_PREPROCESSOR_DEFINITIONS = (
					"DEBUG=1",
					"$(inherited)",
				);
				GCC_WARN_64_TO_32_BIT_CONVERSION = YES;
				GCC_WARN_ABOUT_RETURN_TYPE = YES_ERROR;
				GCC_WARN_UNDECLARED_SELECTOR = YES;
				GCC_WARN_UNINITIALIZED_AUTOS = YES_AGGRESSIVE;
				GCC_WARN_UNUSED_FUNCTION = YES;
				GCC_WARN_UNUSED_VARIABLE = YES;
				IPHONEOS_DEPLOYMENT_TARGET = 9.2;
				MTL_ENABLE_DEBUG_INFO = YES;
				ONLY_ACTIVE_ARCH = YES;
				SDKROOT = iphoneos;
				TARGETED_DEVICE_FAMILY = "1,2";
			};
			name = Debug;
		};
		4FAEC91C1C90211100A001C1 /* Release */ = {
			isa = XCBuildConfiguration;
			buildSettings = {
				ALWAYS_SEARCH_USER_PATHS = NO;
				CLANG_CXX_LANGUAGE_STANDARD = "gnu++0x";
				CLANG_CXX_LIBRARY = "libc++";
				CLANG_ENABLE_MODULES = YES;
				CLANG_ENABLE_OBJC_ARC = YES;
				CLANG_WARN_BOOL_CONVERSION = YES;
				CLANG_WARN_CONSTANT_CONVERSION = YES;
				CLANG_WARN_DIRECT_OBJC_ISA_USAGE = YES_ERROR;
				CLANG_WARN_EMPTY_BODY = YES;
				CLANG_WARN_ENUM_CONVERSION = YES;
				CLANG_WARN_INT_CONVERSION = YES;
				CLANG_WARN_OBJC_ROOT_CLASS = YES_ERROR;
				CLANG_WARN_UNREACHABLE_CODE = YES;
				CLANG_WARN__DUPLICATE_METHOD_MATCH = YES;
				"CODE_SIGN_IDENTITY[sdk=iphoneos*]" = "iPhone Developer";
				COPY_PHASE_STRIP = NO;
				DEBUG_INFORMATION_FORMAT = "dwarf-with-dsym";
				ENABLE_NS_ASSERTIONS = NO;
				ENABLE_STRICT_OBJC_MSGSEND = YES;
				GCC_C_LANGUAGE_STANDARD = gnu99;
				GCC_NO_COMMON_BLOCKS = YES;
				GCC_WARN_64_TO_32_BIT_CONVERSION = YES;
				GCC_WARN_ABOUT_RETURN_TYPE = YES_ERROR;
				GCC_WARN_UNDECLARED_SELECTOR = YES;
				GCC_WARN_UNINITIALIZED_AUTOS = YES_AGGRESSIVE;
				GCC_WARN_UNUSED_FUNCTION = YES;
				GCC_WARN_UNUSED_VARIABLE = YES;
				IPHONEOS_DEPLOYMENT_TARGET = 9.2;
				MTL_ENABLE_DEBUG_INFO = NO;
				SDKROOT = iphoneos;
				TARGETED_DEVICE_FAMILY = "1,2";
				VALIDATE_PRODUCT = YES;
			};
			name = Release;
		};
		4FAEC91E1C90211100A001C1 /* Debug */ = {
			isa = XCBuildConfiguration;
			buildSettings = {
				ASSETCATALOG_COMPILER_APPICON_NAME = AppIcon;
				INFOPLIST_FILE = bankHui/Info.plist;
				LD_RUNPATH_SEARCH_PATHS = "$(inherited) @executable_path/Frameworks";
				PRODUCT_BUNDLE_IDENTIFIER = com.bankhui.bankHui;
				PRODUCT_NAME = "$(TARGET_NAME)";
			};
			name = Debug;
		};
		4FAEC91F1C90211100A001C1 /* Release */ = {
			isa = XCBuildConfiguration;
			buildSettings = {
				ASSETCATALOG_COMPILER_APPICON_NAME = AppIcon;
				INFOPLIST_FILE = bankHui/Info.plist;
				LD_RUNPATH_SEARCH_PATHS = "$(inherited) @executable_path/Frameworks";
				PRODUCT_BUNDLE_IDENTIFIER = com.bankhui.bankHui;
				PRODUCT_NAME = "$(TARGET_NAME)";
			};
			name = Release;
		};
		4FAEC9211C90211100A001C1 /* Debug */ = {
			isa = XCBuildConfiguration;
			buildSettings = {
				BUNDLE_LOADER = "$(TEST_HOST)";
				INFOPLIST_FILE = bankHuiTests/Info.plist;
				LD_RUNPATH_SEARCH_PATHS = "$(inherited) @executable_path/Frameworks @loader_path/Frameworks";
				PRODUCT_BUNDLE_IDENTIFIER = com.bankhui.bankHuiTests;
				PRODUCT_NAME = "$(TARGET_NAME)";
				TEST_HOST = "$(BUILT_PRODUCTS_DIR)/bankHui.app/bankHui";
			};
			name = Debug;
		};
		4FAEC9221C90211100A001C1 /* Release */ = {
			isa = XCBuildConfiguration;
			buildSettings = {
				BUNDLE_LOADER = "$(TEST_HOST)";
				INFOPLIST_FILE = bankHuiTests/Info.plist;
				LD_RUNPATH_SEARCH_PATHS = "$(inherited) @executable_path/Frameworks @loader_path/Frameworks";
				PRODUCT_BUNDLE_IDENTIFIER = com.bankhui.bankHuiTests;
				PRODUCT_NAME = "$(TARGET_NAME)";
				TEST_HOST = "$(BUILT_PRODUCTS_DIR)/bankHui.app/bankHui";
			};
			name = Release;
		};
		4FAEC9241C90211100A001C1 /* Debug */ = {
			isa = XCBuildConfiguration;
			buildSettings = {
				INFOPLIST_FILE = bankHuiUITests/Info.plist;
				LD_RUNPATH_SEARCH_PATHS = "$(inherited) @executable_path/Frameworks @loader_path/Frameworks";
				PRODUCT_BUNDLE_IDENTIFIER = com.bankhui.bankHuiUITests;
				PRODUCT_NAME = "$(TARGET_NAME)";
				TEST_TARGET_NAME = bankHui;
				USES_XCTRUNNER = YES;
			};
			name = Debug;
		};
		4FAEC9251C90211100A001C1 /* Release */ = {
			isa = XCBuildConfiguration;
			buildSettings = {
				INFOPLIST_FILE = bankHuiUITests/Info.plist;
				LD_RUNPATH_SEARCH_PATHS = "$(inherited) @executable_path/Frameworks @loader_path/Frameworks";
				PRODUCT_BUNDLE_IDENTIFIER = com.bankhui.bankHuiUITests;
				PRODUCT_NAME = "$(TARGET_NAME)";
				TEST_TARGET_NAME = bankHui;
				USES_XCTRUNNER = YES;
			};
			name = Release;
		};
/* End XCBuildConfiguration section */

/* Begin XCConfigurationList section */
		4FAEC8EB1C90211100A001C1 /* Build configuration list for PBXProject "bankHui" */ = {
			isa = XCConfigurationList;
			buildConfigurations = (
				4FAEC91B1C90211100A001C1 /* Debug */,
				4FAEC91C1C90211100A001C1 /* Release */,
			);
			defaultConfigurationIsVisible = 0;
			defaultConfigurationName = Release;
		};
		4FAEC91D1C90211100A001C1 /* Build configuration list for PBXNativeTarget "bankHui" */ = {
			isa = XCConfigurationList;
			buildConfigurations = (
				4FAEC91E1C90211100A001C1 /* Debug */,
				4FAEC91F1C90211100A001C1 /* Release */,
			);
			defaultConfigurationIsVisible = 0;
			defaultConfigurationName = Release;
		};
		4FAEC9201C90211100A001C1 /* Build configuration list for PBXNativeTarget "bankHuiTests" */ = {
			isa = XCConfigurationList;
			buildConfigurations = (
				4FAEC9211C90211100A001C1 /* Debug */,
				4FAEC9221C90211100A001C1 /* Release */,
			);
			defaultConfigurationIsVisible = 0;
			defaultConfigurationName = Release;
		};
		4FAEC9231C90211100A001C1 /* Build configuration list for PBXNativeTarget "bankHuiUITests" */ = {
			isa = XCConfigurationList;
			buildConfigurations = (
				4FAEC9241C90211100A001C1 /* Debug */,
				4FAEC9251C90211100A001C1 /* Release */,
			);
			defaultConfigurationIsVisible = 0;
			defaultConfigurationName = Release;
		};
/* End XCConfigurationList section */
	};
	rootObject = 4FAEC8E81C90211100A001C1 /* Project object */;
}
